
Microsoft Visual Studio Solution File, Format Version 12.00
# Visual Studio Version 16
VisualStudioVersion = 16.0.30114.105
MinimumVisualStudioVersion = 10.0.40219.1
Project("{2150E333-8FDC-42A3-9474-1A3956D46DE8}") = "src", "src", "{52475B05-5B7D-42C8-8544-81D74FF72EC1}"
EndProject
Project("{FAE04EC0-301F-11D3-BF4B-00C04F79EFBC}") = "Day01", "src\Day01\Day01.csproj", "{8BE67B74-451B-4532-9A5C-0736C7702333}"
EndProject
Project("{FAE04EC0-301F-11D3-BF4B-00C04F79EFBC}") = "Day02", "src\Day02\Day02.csproj", "{57975952-1553-478B-AB6C-B760387A0EEE}"
EndProject
Project("{FAE04EC0-301F-11D3-BF4B-00C04F79EFBC}") = "Day03", "src\Day03\Day03.csproj", "{F93B2600-3BB3-487D-A692-348B996953AA}"
EndProject
Project("{FAE04EC0-301F-11D3-BF4B-00C04F79EFBC}") = "Day04", "src\Day04\Day04.csproj", "{4591DF57-D094-47FE-AF1A-A0BF3376DD7E}"
EndProject
Project("{FAE04EC0-301F-11D3-BF4B-00C04F79EFBC}") = "Day05", "src\Day05\Day05.csproj", "{BD893996-EBBE-40B9-A152-FFAE289212C2}"
EndProject
Project("{FAE04EC0-301F-11D3-BF4B-00C04F79EFBC}") = "Day06", "src\Day06\Day06.csproj", "{99B9E95F-3923-48E3-8EC7-8A4267BBD937}"
EndProject
Project("{FAE04EC0-301F-11D3-BF4B-00C04F79EFBC}") = "Day07", "src\Day07\Day07.csproj", "{EE85F02D-EDF7-4056-9927-5896A74B0C63}"
EndProject
Project("{FAE04EC0-301F-11D3-BF4B-00C04F79EFBC}") = "Day08", "src\Day08\Day08.csproj", "{1C6CFEFD-A8DA-45EC-93A2-466AADFA4C7E}"
EndProject
Project("{FAE04EC0-301F-11D3-BF4B-00C04F79EFBC}") = "Day09", "src\Day09\Day09.csproj", "{177DCB4E-8F69-40F5-8C01-720AFA329379}"
EndProject
Project("{FAE04EC0-301F-11D3-BF4B-00C04F79EFBC}") = "Day10", "src\Day10\Day10.csproj", "{4E2AB95E-2602-455E-9B85-796ABA84805E}"
EndProject
Project("{FAE04EC0-301F-11D3-BF4B-00C04F79EFBC}") = "Day11", "src\Day11\Day11.csproj", "{9CF48CEE-92D2-4B2E-938C-66A58008724A}"
EndProject
Project("{FAE04EC0-301F-11D3-BF4B-00C04F79EFBC}") = "Day12", "src\Day12\Day12.csproj", "{1B4A0BB7-584A-4855-823B-9B3A0E9B64F7}"
EndProject
Project("{FAE04EC0-301F-11D3-BF4B-00C04F79EFBC}") = "Day13", "src\Day13\Day13.csproj", "{73501AD1-585C-44CB-B78D-F12A0DC0B4D0}"
EndProject
Project("{FAE04EC0-301F-11D3-BF4B-00C04F79EFBC}") = "Day14", "src\Day14\Day14.csproj", "{B340F8E6-E5F1-4110-85D1-AC2B4B49489F}"
EndProject
Global
	GlobalSection(SolutionConfigurationPlatforms) = preSolution
		Debug|Any CPU = Debug|Any CPU
		Release|Any CPU = Release|Any CPU
	EndGlobalSection
	GlobalSection(SolutionProperties) = preSolution
		HideSolutionNode = FALSE
	EndGlobalSection
	GlobalSection(ProjectConfigurationPlatforms) = postSolution
		{8BE67B74-451B-4532-9A5C-0736C7702333}.Debug|Any CPU.ActiveCfg = Debug|Any CPU
		{8BE67B74-451B-4532-9A5C-0736C7702333}.Debug|Any CPU.Build.0 = Debug|Any CPU
		{8BE67B74-451B-4532-9A5C-0736C7702333}.Release|Any CPU.ActiveCfg = Release|Any CPU
		{8BE67B74-451B-4532-9A5C-0736C7702333}.Release|Any CPU.Build.0 = Release|Any CPU
		{57975952-1553-478B-AB6C-B760387A0EEE}.Debug|Any CPU.ActiveCfg = Debug|Any CPU
		{57975952-1553-478B-AB6C-B760387A0EEE}.Debug|Any CPU.Build.0 = Debug|Any CPU
		{57975952-1553-478B-AB6C-B760387A0EEE}.Release|Any CPU.ActiveCfg = Release|Any CPU
		{57975952-1553-478B-AB6C-B760387A0EEE}.Release|Any CPU.Build.0 = Release|Any CPU
		{F93B2600-3BB3-487D-A692-348B996953AA}.Debug|Any CPU.ActiveCfg = Debug|Any CPU
		{F93B2600-3BB3-487D-A692-348B996953AA}.Debug|Any CPU.Build.0 = Debug|Any CPU
		{F93B2600-3BB3-487D-A692-348B996953AA}.Release|Any CPU.ActiveCfg = Release|Any CPU
		{F93B2600-3BB3-487D-A692-348B996953AA}.Release|Any CPU.Build.0 = Release|Any CPU
		{4591DF57-D094-47FE-AF1A-A0BF3376DD7E}.Debug|Any CPU.ActiveCfg = Debug|Any CPU
		{4591DF57-D094-47FE-AF1A-A0BF3376DD7E}.Debug|Any CPU.Build.0 = Debug|Any CPU
		{4591DF57-D094-47FE-AF1A-A0BF3376DD7E}.Release|Any CPU.ActiveCfg = Release|Any CPU
		{4591DF57-D094-47FE-AF1A-A0BF3376DD7E}.Release|Any CPU.Build.0 = Release|Any CPU
		{BD893996-EBBE-40B9-A152-FFAE289212C2}.Debug|Any CPU.ActiveCfg = Debug|Any CPU
		{BD893996-EBBE-40B9-A152-FFAE289212C2}.Debug|Any CPU.Build.0 = Debug|Any CPU
		{BD893996-EBBE-40B9-A152-FFAE289212C2}.Release|Any CPU.ActiveCfg = Release|Any CPU
		{BD893996-EBBE-40B9-A152-FFAE289212C2}.Release|Any CPU.Build.0 = Release|Any CPU
		{99B9E95F-3923-48E3-8EC7-8A4267BBD937}.Debug|Any CPU.ActiveCfg = Debug|Any CPU
		{99B9E95F-3923-48E3-8EC7-8A4267BBD937}.Debug|Any CPU.Build.0 = Debug|Any CPU
		{99B9E95F-3923-48E3-8EC7-8A4267BBD937}.Release|Any CPU.ActiveCfg = Release|Any CPU
		{99B9E95F-3923-48E3-8EC7-8A4267BBD937}.Release|Any CPU.Build.0 = Release|Any CPU
		{EE85F02D-EDF7-4056-9927-5896A74B0C63}.Debug|Any CPU.ActiveCfg = Debug|Any CPU
		{EE85F02D-EDF7-4056-9927-5896A74B0C63}.Debug|Any CPU.Build.0 = Debug|Any CPU
		{EE85F02D-EDF7-4056-9927-5896A74B0C63}.Release|Any CPU.ActiveCfg = Release|Any CPU
		{EE85F02D-EDF7-4056-9927-5896A74B0C63}.Release|Any CPU.Build.0 = Release|Any CPU
		{1C6CFEFD-A8DA-45EC-93A2-466AADFA4C7E}.Debug|Any CPU.ActiveCfg = Debug|Any CPU
		{1C6CFEFD-A8DA-45EC-93A2-466AADFA4C7E}.Debug|Any CPU.Build.0 = Debug|Any CPU
		{1C6CFEFD-A8DA-45EC-93A2-466AADFA4C7E}.Release|Any CPU.ActiveCfg = Release|Any CPU
		{1C6CFEFD-A8DA-45EC-93A2-466AADFA4C7E}.Release|Any CPU.Build.0 = Release|Any CPU
		{177DCB4E-8F69-40F5-8C01-720AFA329379}.Debug|Any CPU.ActiveCfg = Debug|Any CPU
		{177DCB4E-8F69-40F5-8C01-720AFA329379}.Debug|Any CPU.Build.0 = Debug|Any CPU
		{177DCB4E-8F69-40F5-8C01-720AFA329379}.Release|Any CPU.ActiveCfg = Release|Any CPU
		{177DCB4E-8F69-40F5-8C01-720AFA329379}.Release|Any CPU.Build.0 = Release|Any CPU
		{4E2AB95E-2602-455E-9B85-796ABA84805E}.Debug|Any CPU.ActiveCfg = Debug|Any CPU
		{4E2AB95E-2602-455E-9B85-796ABA84805E}.Debug|Any CPU.Build.0 = Debug|Any CPU
		{4E2AB95E-2602-455E-9B85-796ABA84805E}.Release|Any CPU.ActiveCfg = Release|Any CPU
		{4E2AB95E-2602-455E-9B85-796ABA84805E}.Release|Any CPU.Build.0 = Release|Any CPU
		{9CF48CEE-92D2-4B2E-938C-66A58008724A}.Debug|Any CPU.ActiveCfg = Debug|Any CPU
		{9CF48CEE-92D2-4B2E-938C-66A58008724A}.Debug|Any CPU.Build.0 = Debug|Any CPU
		{9CF48CEE-92D2-4B2E-938C-66A58008724A}.Release|Any CPU.ActiveCfg = Release|Any CPU
		{9CF48CEE-92D2-4B2E-938C-66A58008724A}.Release|Any CPU.Build.0 = Release|Any CPU
		{1B4A0BB7-584A-4855-823B-9B3A0E9B64F7}.Debug|Any CPU.ActiveCfg = Debug|Any CPU
		{1B4A0BB7-584A-4855-823B-9B3A0E9B64F7}.Debug|Any CPU.Build.0 = Debug|Any CPU
		{1B4A0BB7-584A-4855-823B-9B3A0E9B64F7}.Release|Any CPU.ActiveCfg = Release|Any CPU
		{1B4A0BB7-584A-4855-823B-9B3A0E9B64F7}.Release|Any CPU.Build.0 = Release|Any CPU
		{73501AD1-585C-44CB-B78D-F12A0DC0B4D0}.Debug|Any CPU.ActiveCfg = Debug|Any CPU
		{73501AD1-585C-44CB-B78D-F12A0DC0B4D0}.Debug|Any CPU.Build.0 = Debug|Any CPU
		{73501AD1-585C-44CB-B78D-F12A0DC0B4D0}.Release|Any CPU.ActiveCfg = Release|Any CPU
		{73501AD1-585C-44CB-B78D-F12A0DC0B4D0}.Release|Any CPU.Build.0 = Release|Any CPU
		{B340F8E6-E5F1-4110-85D1-AC2B4B49489F}.Debug|Any CPU.ActiveCfg = Debug|Any CPU
		{B340F8E6-E5F1-4110-85D1-AC2B4B49489F}.Debug|Any CPU.Build.0 = Debug|Any CPU
		{B340F8E6-E5F1-4110-85D1-AC2B4B49489F}.Release|Any CPU.ActiveCfg = Release|Any CPU
		{B340F8E6-E5F1-4110-85D1-AC2B4B49489F}.Release|Any CPU.Build.0 = Release|Any CPU
	EndGlobalSection
	GlobalSection(NestedProjects) = preSolution
		{8BE67B74-451B-4532-9A5C-0736C7702333} = {52475B05-5B7D-42C8-8544-81D74FF72EC1}
		{57975952-1553-478B-AB6C-B760387A0EEE} = {52475B05-5B7D-42C8-8544-81D74FF72EC1}
		{F93B2600-3BB3-487D-A692-348B996953AA} = {52475B05-5B7D-42C8-8544-81D74FF72EC1}
		{4591DF57-D094-47FE-AF1A-A0BF3376DD7E} = {52475B05-5B7D-42C8-8544-81D74FF72EC1}
		{BD893996-EBBE-40B9-A152-FFAE289212C2} = {52475B05-5B7D-42C8-8544-81D74FF72EC1}
		{99B9E95F-3923-48E3-8EC7-8A4267BBD937} = {52475B05-5B7D-42C8-8544-81D74FF72EC1}
		{EE85F02D-EDF7-4056-9927-5896A74B0C63} = {52475B05-5B7D-42C8-8544-81D74FF72EC1}
		{1C6CFEFD-A8DA-45EC-93A2-466AADFA4C7E} = {52475B05-5B7D-42C8-8544-81D74FF72EC1}
		{177DCB4E-8F69-40F5-8C01-720AFA329379} = {52475B05-5B7D-42C8-8544-81D74FF72EC1}
		{4E2AB95E-2602-455E-9B85-796ABA84805E} = {52475B05-5B7D-42C8-8544-81D74FF72EC1}
		{9CF48CEE-92D2-4B2E-938C-66A58008724A} = {52475B05-5B7D-42C8-8544-81D74FF72EC1}
		{1B4A0BB7-584A-4855-823B-9B3A0E9B64F7} = {52475B05-5B7D-42C8-8544-81D74FF72EC1}
		{73501AD1-585C-44CB-B78D-F12A0DC0B4D0} = {52475B05-5B7D-42C8-8544-81D74FF72EC1}
		{B340F8E6-E5F1-4110-85D1-AC2B4B49489F} = {52475B05-5B7D-42C8-8544-81D74FF72EC1}
	EndGlobalSection
EndGlobal
